
Microsoft Visual Studio Solution File, Format Version 12.00
# Visual Studio 15
VisualStudioVersion = 15.0.26430.6
MinimumVisualStudioVersion = 10.0.40219.1
Project("{9A19103F-16F7-4668-BE54-9A1E7A4F7556}") = "Pmga.App", "pmga.App\Pmga.App.csproj", "{EF1C6D65-F4C2-4CE8-A510-866EF581796F}"
EndProject
Project("{9A19103F-16F7-4668-BE54-9A1E7A4F7556}") = "pmga.Core", "pmga.Core\pmga.Core.csproj", "{529D4F05-A1CF-4F93-940E-8AC2D6F7E3D4}"
EndProject
Project("{9A19103F-16F7-4668-BE54-9A1E7A4F7556}") = "pmga.Data", "pmga.Data\pmga.Data.csproj", "{23702519-49EC-4533-9E80-A5742144E098}"
EndProject
Global
	GlobalSection(SolutionConfigurationPlatforms) = preSolution
		Debug|Any CPU = Debug|Any CPU
		Release|Any CPU = Release|Any CPU
	EndGlobalSection
	GlobalSection(ProjectConfigurationPlatforms) = postSolution
		{EF1C6D65-F4C2-4CE8-A510-866EF581796F}.Debug|Any CPU.ActiveCfg = Debug|Any CPU
		{EF1C6D65-F4C2-4CE8-A510-866EF581796F}.Debug|Any CPU.Build.0 = Debug|Any CPU
		{EF1C6D65-F4C2-4CE8-A510-866EF581796F}.Release|Any CPU.ActiveCfg = Release|Any CPU
		{EF1C6D65-F4C2-4CE8-A510-866EF581796F}.Release|Any CPU.Build.0 = Release|Any CPU
		{529D4F05-A1CF-4F93-940E-8AC2D6F7E3D4}.Debug|Any CPU.ActiveCfg = Debug|Any CPU
		{529D4F05-A1CF-4F93-940E-8AC2D6F7E3D4}.Debug|Any CPU.Build.0 = Debug|Any CPU
		{529D4F05-A1CF-4F93-940E-8AC2D6F7E3D4}.Release|Any CPU.ActiveCfg = Release|Any CPU
		{529D4F05-A1CF-4F93-940E-8AC2D6F7E3D4}.Release|Any CPU.Build.0 = Release|Any CPU
		{23702519-49EC-4533-9E80-A5742144E098}.Debug|Any CPU.ActiveCfg = Debug|Any CPU
		{23702519-49EC-4533-9E80-A5742144E098}.Debug|Any CPU.Build.0 = Debug|Any CPU
		{23702519-49EC-4533-9E80-A5742144E098}.Release|Any CPU.ActiveCfg = Release|Any CPU
		{23702519-49EC-4533-9E80-A5742144E098}.Release|Any CPU.Build.0 = Release|Any CPU
	EndGlobalSection
	GlobalSection(SolutionProperties) = preSolution
		HideSolutionNode = FALSE
	EndGlobalSection
EndGlobal
